// !$*UTF8*$!
{
	archiveVersion = 1;
	classes = {
	};
	objectVersion = 50;
	objects = {

/* Begin PBXBuildFile section */
		048AB4D4250F995100BAFAAC /* DetailView.swift in Sources */ = {isa = PBXBuildFile; fileRef = 048AB4D3250F995100BAFAAC /* DetailView.swift */; };
		048AB4D7250FA7D200BAFAAC /* WebView.swift in Sources */ = {isa = PBXBuildFile; fileRef = 048AB4D6250FA7D200BAFAAC /* WebView.swift */; };
		04AE2300250D41D700F084C1 /* AppDelegate.swift in Sources */ = {isa = PBXBuildFile; fileRef = 04AE22FF250D41D700F084C1 /* AppDelegate.swift */; };
		04AE2302250D41D700F084C1 /* SceneDelegate.swift in Sources */ = {isa = PBXBuildFile; fileRef = 04AE2301250D41D700F084C1 /* SceneDelegate.swift */; };
		04AE2304250D41D700F084C1 /* ContentView.swift in Sources */ = {isa = PBXBuildFile; fileRef = 04AE2303250D41D700F084C1 /* ContentView.swift */; };
		04AE2306250D41DB00F084C1 /* Assets.xcassets in Resources */ = {isa = PBXBuildFile; fileRef = 04AE2305250D41DB00F084C1 /* Assets.xcassets */; };
		04AE2309250D41DB00F084C1 /* Preview Assets.xcassets in Resources */ = {isa = PBXBuildFile; fileRef = 04AE2308250D41DB00F084C1 /* Preview Assets.xcassets */; };
		04AE230C250D41DB00F084C1 /* LaunchScreen.storyboard in Resources */ = {isa = PBXBuildFile; fileRef = 04AE230A250D41DB00F084C1 /* LaunchScreen.storyboard */; };
		04AE2317250D431A00F084C1 /* NetworkManager.swift in Sources */ = {isa = PBXBuildFile; fileRef = 04AE2316250D431A00F084C1 /* NetworkManager.swift */; };
		04AE2319250D451000F084C1 /* PostData.swift in Sources */ = {isa = PBXBuildFile; fileRef = 04AE2318250D451000F084C1 /* PostData.swift */; };
/* End PBXBuildFile section */

/* Begin PBXFileReference section */
		048AB4D3250F995100BAFAAC /* DetailView.swift */ = {isa = PBXFileReference; lastKnownFileType = sourcecode.swift; path = DetailView.swift; sourceTree = "<group>"; };
		048AB4D6250FA7D200BAFAAC /* WebView.swift */ = {isa = PBXFileReference; lastKnownFileType = sourcecode.swift; path = WebView.swift; sourceTree = "<group>"; };
		04AE22FC250D41D700F084C1 /* ServerCommunication_SwiftUI.app */ = {isa = PBXFileReference; explicitFileType = wrapper.application; includeInIndex = 0; path = ServerCommunication_SwiftUI.app; sourceTree = BUILT_PRODUCTS_DIR; };
		04AE22FF250D41D700F084C1 /* AppDelegate.swift */ = {isa = PBXFileReference; lastKnownFileType = sourcecode.swift; path = AppDelegate.swift; sourceTree = "<group>"; };
		04AE2301250D41D700F084C1 /* SceneDelegate.swift */ = {isa = PBXFileReference; lastKnownFileType = sourcecode.swift; path = SceneDelegate.swift; sourceTree = "<group>"; };
		04AE2303250D41D700F084C1 /* ContentView.swift */ = {isa = PBXFileReference; lastKnownFileType = sourcecode.swift; path = ContentView.swift; sourceTree = "<group>"; };
		04AE2305250D41DB00F084C1 /* Assets.xcassets */ = {isa = PBXFileReference; lastKnownFileType = folder.assetcatalog; path = Assets.xcassets; sourceTree = "<group>"; };
		04AE2308250D41DB00F084C1 /* Preview Assets.xcassets */ = {isa = PBXFileReference; lastKnownFileType = folder.assetcatalog; path = "Preview Assets.xcassets"; sourceTree = "<group>"; };
		04AE230B250D41DB00F084C1 /* Base */ = {isa = PBXFileReference; lastKnownFileType = file.storyboard; name = Base; path = Base.lproj/LaunchScreen.storyboard; sourceTree = "<group>"; };
		04AE230D250D41DB00F084C1 /* Info.plist */ = {isa = PBXFileReference; lastKnownFileType = text.plist.xml; path = Info.plist; sourceTree = "<group>"; };
		04AE2316250D431A00F084C1 /* NetworkManager.swift */ = {isa = PBXFileReference; lastKnownFileType = sourcecode.swift; path = NetworkManager.swift; sourceTree = "<group>"; };
		04AE2318250D451000F084C1 /* PostData.swift */ = {isa = PBXFileReference; lastKnownFileType = sourcecode.swift; path = PostData.swift; sourceTree = "<group>"; };
/* End PBXFileReference section */

/* Begin PBXFrameworksBuildPhase section */
		04AE22F9250D41D700F084C1 /* Frameworks */ = {
			isa = PBXFrameworksBuildPhase;
			buildActionMask = 2147483647;
			files = (
			);
			runOnlyForDeploymentPostprocessing = 0;
		};
/* End PBXFrameworksBuildPhase section */

/* Begin PBXGroup section */
		048AB4D5250FA2CF00BAFAAC /* View */ = {
			isa = PBXGroup;
			children = (
				04AE2303250D41D700F084C1 /* ContentView.swift */,
				048AB4D3250F995100BAFAAC /* DetailView.swift */,
				048AB4D6250FA7D200BAFAAC /* WebView.swift */,
			);
			path = View;
			sourceTree = "<group>";
		};
		04AE22F3250D41D700F084C1 = {
			isa = PBXGroup;
			children = (
				04AE22FE250D41D700F084C1 /* ServerCommunication_SwiftUI */,
				04AE22FD250D41D700F084C1 /* Products */,
			);
			sourceTree = "<group>";
		};
		04AE22FD250D41D700F084C1 /* Products */ = {
			isa = PBXGroup;
			children = (
				04AE22FC250D41D700F084C1 /* ServerCommunication_SwiftUI.app */,
			);
			name = Products;
			sourceTree = "<group>";
		};
		04AE22FE250D41D700F084C1 /* ServerCommunication_SwiftUI */ = {
			isa = PBXGroup;
			children = (
				04AE22FF250D41D700F084C1 /* AppDelegate.swift */,
				04AE2301250D41D700F084C1 /* SceneDelegate.swift */,
				04AE2313250D425300F084C1 /* Models */,
				048AB4D5250FA2CF00BAFAAC /* View */,
				04AE2305250D41DB00F084C1 /* Assets.xcassets */,
				04AE230A250D41DB00F084C1 /* LaunchScreen.storyboard */,
				04AE230D250D41DB00F084C1 /* Info.plist */,
				04AE2307250D41DB00F084C1 /* Preview Content */,
			);
			path = ServerCommunication_SwiftUI;
			sourceTree = "<group>";
		};
		04AE2307250D41DB00F084C1 /* Preview Content */ = {
			isa = PBXGroup;
			children = (
				04AE2308250D41DB00F084C1 /* Preview Assets.xcassets */,
			);
			path = "Preview Content";
			sourceTree = "<group>";
		};
		04AE2313250D425300F084C1 /* Models */ = {
			isa = PBXGroup;
			children = (
				04AE2316250D431A00F084C1 /* NetworkManager.swift */,
				04AE2318250D451000F084C1 /* PostData.swift */,
			);
			path = Models;
			sourceTree = "<group>";
		};
/* End PBXGroup section */

/* Begin PBXNativeTarget section */
		04AE22FB250D41D700F084C1 /* ServerCommunication_SwiftUI */ = {
			isa = PBXNativeTarget;
			buildConfigurationList = 04AE2310250D41DB00F084C1 /* Build configuration list for PBXNativeTarget "ServerCommunication_SwiftUI" */;
			buildPhases = (
				04AE22F8250D41D700F084C1 /* Sources */,
				04AE22F9250D41D700F084C1 /* Frameworks */,
				04AE22FA250D41D700F084C1 /* Resources */,
			);
			buildRules = (
			);
			dependencies = (
			);
			name = ServerCommunication_SwiftUI;
			productName = ServerCommunication_SwiftUI;
			productReference = 04AE22FC250D41D700F084C1 /* ServerCommunication_SwiftUI.app */;
			productType = "com.apple.product-type.application";
		};
/* End PBXNativeTarget section */

/* Begin PBXProject section */
		04AE22F4250D41D700F084C1 /* Project object */ = {
			isa = PBXProject;
			attributes = {
				LastSwiftUpdateCheck = 1130;
				LastUpgradeCheck = 1130;
				ORGANIZATIONNAME = "Gunde Ramakrishna";
				TargetAttributes = {
					04AE22FB250D41D700F084C1 = {
						CreatedOnToolsVersion = 11.3.1;
					};
				};
			};
			buildConfigurationList = 04AE22F7250D41D700F084C1 /* Build configuration list for PBXProject "ServerCommunication_SwiftUI" */;
			compatibilityVersion = "Xcode 9.3";
			developmentRegion = en;
			hasScannedForEncodings = 0;
			knownRegions = (
				en,
				Base,
			);
			mainGroup = 04AE22F3250D41D700F084C1;
			productRefGroup = 04AE22FD250D41D700F084C1 /* Products */;
			projectDirPath = "";
			projectRoot = "";
			targets = (
				04AE22FB250D41D700F084C1 /* ServerCommunication_SwiftUI */,
			);
		};
/* End PBXProject section */

/* Begin PBXResourcesBuildPhase section */
		04AE22FA250D41D700F084C1 /* Resources */ = {
			isa = PBXResourcesBuildPhase;
			buildActionMask = 2147483647;
			files = (
				04AE230C250D41DB00F084C1 /* LaunchScreen.storyboard in Resources */,
				04AE2309250D41DB00F084C1 /* Preview Assets.xcassets in Resources */,
				04AE2306250D41DB00F084C1 /* Assets.xcassets in Resources */,
			);
			runOnlyForDeploymentPostprocessing = 0;
		};
/* End PBXResourcesBuildPhase section */

/* Begin PBXSourcesBuildPhase section */
		04AE22F8250D41D700F084C1 /* Sources */ = {
			isa = PBXSourcesBuildPhase;
			buildActionMask = 2147483647;
			files = (
				04AE2317250D431A00F084C1 /* NetworkManager.swift in Sources */,
				048AB4D4250F995100BAFAAC /* DetailView.swift in Sources */,
				04AE2300250D41D700F084C1 /* AppDelegate.swift in Sources */,
				04AE2302250D41D700F084C1 /* SceneDelegate.swift in Sources */,
				04AE2304250D41D700F084C1 /* ContentView.swift in Sources */,
				04AE2319250D451000F084C1 /* PostData.swift in Sources */,
				048AB4D7250FA7D200BAFAAC /* WebView.swift in Sources */,
			);
			runOnlyForDeploymentPostprocessing = 0;
		};
/* End PBXSourcesBuildPhase section */

/* Begin PBXVariantGroup section */
		04AE230A250D41DB00F084C1 /* LaunchScreen.storyboard */ = {
			isa = PBXVariantGroup;
			children = (
				04AE230B250D41DB00F084C1 /* Base */,
			);
			name = LaunchScreen.storyboard;
			sourceTree = "<group>";
		};
/* End PBXVariantGroup section */

/* Begin XCBuildConfiguration section */
		04AE230E250D41DB00F084C1 /* Debug */ = {
			isa = XCBuildConfiguration;
			buildSettings = {
				ALWAYS_SEARCH_USER_PATHS = NO;
				CLANG_ANALYZER_NONNULL = YES;
				CLANG_ANALYZER_NUMBER_OBJECT_CONVERSION = YES_AGGRESSIVE;
				CLANG_CXX_LANGUAGE_STANDARD = "gnu++14";
				CLANG_CXX_LIBRARY = "libc++";
				CLANG_ENABLE_MODULES = YES;
				CLANG_ENABLE_OBJC_ARC = YES;
				CLANG_ENABLE_OBJC_WEAK = YES;
				CLANG_WARN_BLOCK_CAPTURE_AUTORELEASING = YES;
				CLANG_WARN_BOOL_CONVERSION = YES;
				CLANG_WARN_COMMA = YES;
				CLANG_WARN_CONSTANT_CONVERSION = YES;
				CLANG_WARN_DEPRECATED_OBJC_IMPLEMENTATIONS = YES;
				CLANG_WARN_DIRECT_OBJC_ISA_USAGE = YES_ERROR;
				CLANG_WARN_DOCUMENTATION_COMMENTS = YES;
				CLANG_WARN_EMPTY_BODY = YES;
				CLANG_WARN_ENUM_CONVERSION = YES;
				CLANG_WARN_INFINITE_RECURSION = YES;
				CLANG_WARN_INT_CONVERSION = YES;
				CLANG_WARN_NON_LITERAL_NULL_CONVERSION = YES;
				CLANG_WARN_OBJC_IMPLICIT_RETAIN_SELF = YES;
				CLANG_WARN_OBJC_LITERAL_CONVERSION = YES;
				CLANG_WARN_OBJC_ROOT_CLASS = YES_ERROR;
				CLANG_WARN_RANGE_LOOP_ANALYSIS = YES;
				CLANG_WARN_STRICT_PROTOTYPES = YES;
				CLANG_WARN_SUSPICIOUS_MOVE = YES;
				CLANG_WARN_UNGUARDED_AVAILABILITY = YES_AGGRESSIVE;
				CLANG_WARN_UNREACHABLE_CODE = YES;
				CLANG_WARN__DUPLICATE_METHOD_MATCH = YES;
				COPY_PHASE_STRIP = NO;
				DEBUG_INFORMATION_FORMAT = dwarf;
				ENABLE_STRICT_OBJC_MSGSEND = YES;
				ENABLE_TESTABILITY = YES;
				GCC_C_LANGUAGE_STANDARD = gnu11;
				GCC_DYNAMIC_NO_PIC = NO;
				GCC_NO_COMMON_BLOCKS = YES;
				GCC_OPTIMIZATION_LEVEL = 0;
				GCC_PREPROCESSOR_DEFINITIONS = (
					"DEBUG=1",
					"$(inherited)",
				);
				GCC_WARN_64_TO_32_BIT_CONVERSION = YES;
				GCC_WARN_ABOUT_RETURN_TYPE = YES_ERROR;
				GCC_WARN_UNDECLARED_SELECTOR = YES;
				GCC_WARN_UNINITIALIZED_AUTOS = YES_AGGRESSIVE;
				GCC_WARN_UNUSED_FUNCTION = YES;
				GCC_WARN_UNUSED_VARIABLE = YES;
				IPHONEOS_DEPLOYMENT_TARGET = 13.2;
				MTL_ENABLE_DEBUG_INFO = INCLUDE_SOURCE;
				MTL_FAST_MATH = YES;
				ONLY_ACTIVE_ARCH = YES;
				SDKROOT = iphoneos;
				SWIFT_ACTIVE_COMPILATION_CONDITIONS = DEBUG;
				SWIFT_OPTIMIZATION_LEVEL = "-Onone";
			};
			name = Debug;
		};
		04AE230F250D41DB00F084C1 /* Release */ = {
			isa = XCBuildConfiguration;
			buildSettings = {
				ALWAYS_SEARCH_USER_PATHS = NO;
				CLANG_ANALYZER_NONNULL = YES;
				CLANG_ANALYZER_NUMBER_OBJECT_CONVERSION = YES_AGGRESSIVE;
				CLANG_CXX_LANGUAGE_STANDARD = "gnu++14";
				CLANG_CXX_LIBRARY = "libc++";
				CLANG_ENABLE_MODULES = YES;
				CLANG_ENABLE_OBJC_ARC = YES;
				CLANG_ENABLE_OBJC_WEAK = YES;
				CLANG_WARN_BLOCK_CAPTURE_AUTORELEASING = YES;
				CLANG_WARN_BOOL_CONVERSION = YES;
				CLANG_WARN_COMMA = YES;
				CLANG_WARN_CONSTANT_CONVERSION = YES;
				CLANG_WARN_DEPRECATED_OBJC_IMPLEMENTATIONS = YES;
				CLANG_WARN_DIRECT_OBJC_ISA_USAGE = YES_ERROR;
				CLANG_WARN_DOCUMENTATION_COMMENTS = YES;
				CLANG_WARN_EMPTY_BODY = YES;
				CLANG_WARN_ENUM_CONVERSION = YES;
				CLANG_WARN_INFINITE_RECURSION = YES;
				CLANG_WARN_INT_CONVERSION = YES;
				CLANG_WARN_NON_LITERAL_NULL_CONVERSION = YES;
				CLANG_WARN_OBJC_IMPLICIT_RETAIN_SELF = YES;
				CLANG_WARN_OBJC_LITERAL_CONVERSION = YES;
				CLANG_WARN_OBJC_ROOT_CLASS = YES_ERROR;
				CLANG_WARN_RANGE_LOOP_ANALYSIS = YES;
				CLANG_WARN_STRICT_PROTOTYPES = YES;
				CLANG_WARN_SUSPICIOUS_MOVE = YES;
				CLANG_WARN_UNGUARDED_AVAILABILITY = YES_AGGRESSIVE;
				CLANG_WARN_UNREACHABLE_CODE = YES;
				CLANG_WARN__DUPLICATE_METHOD_MATCH = YES;
				COPY_PHASE_STRIP = NO;
				DEBUG_INFORMATION_FORMAT = "dwarf-with-dsym";
				ENABLE_NS_ASSERTIONS = NO;
				ENABLE_STRICT_OBJC_MSGSEND = YES;
				GCC_C_LANGUAGE_STANDARD = gnu11;
				GCC_NO_COMMON_BLOCKS = YES;
				GCC_WARN_64_TO_32_BIT_CONVERSION = YES;
				GCC_WARN_ABOUT_RETURN_TYPE = YES_ERROR;
				GCC_WARN_UNDECLARED_SELECTOR = YES;
				GCC_WARN_UNINITIALIZED_AUTOS = YES_AGGRESSIVE;
				GCC_WARN_UNUSED_FUNCTION = YES;
				GCC_WARN_UNUSED_VARIABLE = YES;
				IPHONEOS_DEPLOYMENT_TARGET = 13.2;
				MTL_ENABLE_DEBUG_INFO = NO;
				MTL_FAST_MATH = YES;
				SDKROOT = iphoneos;
				SWIFT_COMPILATION_MODE = wholemodule;
				SWIFT_OPTIMIZATION_LEVEL = "-O";
				VALIDATE_PRODUCT = YES;
			};
			name = Release;
		};
		04AE2311250D41DB00F084C1 /* Debug */ = {
			isa = XCBuildConfiguration;
			buildSettings = {
				ASSETCATALOG_COMPILER_APPICON_NAME = AppIcon;
				CODE_SIGN_STYLE = Automatic;
				DEVELOPMENT_ASSET_PATHS = "\"ServerCommunication_SwiftUI/Preview Content\"";
				DEVELOPMENT_TEAM = QJ38K4FTCM;
				ENABLE_PREVIEWS = YES;
				INFOPLIST_FILE = ServerCommunication_SwiftUI/Info.plist;
				LD_RUNPATH_SEARCH_PATHS = (
					"$(inherited)",
					"@executable_path/Frameworks",
				);
				PRODUCT_BUNDLE_IDENTIFIER = "com.vamsiOSDev.ServerCommunication-SwiftUI";
				PRODUCT_NAME = "$(TARGET_NAME)";
				SWIFT_VERSION = 5.0;
				TARGETED_DEVICE_FAMILY = "1,2";
			};
			name = Debug;
		};
		04AE2312250D41DB00F084C1 /* Release */ = {
			isa = XCBuildConfiguration;
			buildSettings = {
				ASSETCATALOG_COMPILER_APPICON_NAME = AppIcon;
				CODE_SIGN_STYLE = Automatic;
				DEVELOPMENT_ASSET_PATHS = "\"ServerCommunication_SwiftUI/Preview Content\"";
				DEVELOPMENT_TEAM = QJ38K4FTCM;
				ENABLE_PREVIEWS = YES;
				INFOPLIST_FILE = ServerCommunication_SwiftUI/Info.plist;
				LD_RUNPATH_SEARCH_PATHS = (
					"$(inherited)",
					"@executable_path/Frameworks",
				);
				PRODUCT_BUNDLE_IDENTIFIER = "com.vamsiOSDev.ServerCommunication-SwiftUI";
				PRODUCT_NAME = "$(TARGET_NAME)";
				SWIFT_VERSION = 5.0;
				TARGETED_DEVICE_FAMILY = "1,2";
			};
			name = Release;
		};
/* End XCBuildConfiguration section */

/* Begin XCConfigurationList section */
		04AE22F7250D41D700F084C1 /* Build configuration list for PBXProject "ServerCommunication_SwiftUI" */ = {
			isa = XCConfigurationList;
			buildConfigurations = (
				04AE230E250D41DB00F084C1 /* Debug */,
				04AE230F250D41DB00F084C1 /* Release */,
			);
			defaultConfigurationIsVisible = 0;
			defaultConfigurationName = Release;
		};
		04AE2310250D41DB00F084C1 /* Build configuration list for PBXNativeTarget "ServerCommunication_SwiftUI" */ = {
			isa = XCConfigurationList;
			buildConfigurations = (
				04AE2311250D41DB00F084C1 /* Debug */,
				04AE2312250D41DB00F084C1 /* Release */,
			);
			defaultConfigurationIsVisible = 0;
			defaultConfigurationName = Release;
		};
/* End XCConfigurationList section */
	};
	rootObject = 04AE22F4250D41D700F084C1 /* Project object */;
}
